{
  "lockfileVersion": 1,
  "configVersion": 1,
  "workspaces": {
    "": {
      "name": "unreal-rc",
      "devDependencies": {
        "@types/bun": "^1.3.9",
        "typescript": "^5.9.2",
      },
    },
    "packages/codegen": {
      "name": "@unreal-rc/codegen",
      "version": "0.0.0",
    },
    "packages/core": {
      "name": "unreal-rc",
      "version": "0.1.1",
      "dependencies": {
        "zod": "^4.0.11",
      },
    },
    "packages/explorer": {
      "name": "@unreal-rc/explorer",
      "version": "0.0.0",
    },
    "packages/www": {
      "name": "@unreal-rc/www",
      "version": "0.0.0",
    },
  },
  "packages": {
    "@types/bun": ["@types/bun@1.3.9", "", { "dependencies": { "bun-types": "1.3.9" } }, "sha512-KQ571yULOdWJiMH+RIWIOZ7B2RXQGpL1YQrBtLIV3FqDcCu6FsbFUBwhdKUlCKUpS3PJDsHlJ1QKlpxoVR+xtw=="],

    "@types/node": ["@types/node@25.2.3", "", { "dependencies": { "undici-types": "~7.16.0" } }, "sha512-m0jEgYlYz+mDJZ2+F4v8D1AyQb+QzsNqRuI7xg1VQX/KlKS0qT9r1Mo16yo5F/MtifXFgaofIFsdFMox2SxIbQ=="],

    "@unreal-rc/codegen": ["@unreal-rc/codegen@workspace:packages/codegen"],

    "@unreal-rc/explorer": ["@unreal-rc/explorer@workspace:packages/explorer"],

    "@unreal-rc/www": ["@unreal-rc/www@workspace:packages/www"],

    "bun-types": ["bun-types@1.3.9", "", { "dependencies": { "@types/node": "*" } }, "sha512-+UBWWOakIP4Tswh0Bt0QD0alpTY8cb5hvgiYeWCMet9YukHbzuruIEeXC2D7nMJPB12kbh8C7XJykSexEqGKJg=="],

    "typescript": ["typescript@5.9.3", "", { "bin": { "tsc": "bin/tsc", "tsserver": "bin/tsserver" } }, "sha512-jl1vZzPDinLr9eUt3J/t7V6FgNEw9QjvBPdysz9KfQDD41fQrC2Y4vKQdiaUpFT4bXlb1RHhLpp8wtm6M5TgSw=="],

    "undici-types": ["undici-types@7.16.0", "", {}, "sha512-Zz+aZWSj8LE6zoxD+xrjh4VfkIG8Ya6LvYkZqtUQGJPZjYl53ypCaUwWqo7eI0x66KBGeRo+mlBEkMSeSZ38Nw=="],

    "unreal-rc": ["unreal-rc@workspace:packages/core"],

    "zod": ["zod@4.3.6", "", {}, "sha512-rftlrkhHZOcjDwkGlnUtZZkvaPHCsDATp4pGpuOOMDaTdDDXF91wuVDJoWoPsKX/3YPQ5fHuF3STjcYyKr+Qhg=="],
  }
}
